
Microsoft Visual Studio Solution File, Format Version 12.00
# Visual Studio Version 17
VisualStudioVersion = 17.0.31903.59
MinimumVisualStudioVersion = 10.0.40219.1
Project("{FAE04EC0-301F-11D3-BF4B-00C04F79EFBC}") = "EStoreWebApp", "EStoreWebApp\EStoreWebApp.csproj", "{5D345E31-5FB8-448F-82A0-B7ED2C886A81}"
EndProject
Project("{FAE04EC0-301F-11D3-BF4B-00C04F79EFBC}") = "BOL", "BOL\BOL.csproj", "{901C0B6E-69EA-4FD4-9B78-3C231C8E6F9F}"
EndProject
Project("{FAE04EC0-301F-11D3-BF4B-00C04F79EFBC}") = "BLL", "BLL\BLL.csproj", "{73791374-AC19-4123-BDEF-84A24ADEC60D}"
EndProject
Project("{FAE04EC0-301F-11D3-BF4B-00C04F79EFBC}") = "DAL", "DAL\DAL.csproj", "{620A5EC3-6153-4C7F-B912-3F56ACADE157}"
EndProject
Project("{FAE04EC0-301F-11D3-BF4B-00C04F79EFBC}") = "TestApp", "TestApp\TestApp.csproj", "{9005EC51-6D9A-4CB2-BEC4-6FFCA45E49CB}"
EndProject
Global
	GlobalSection(SolutionConfigurationPlatforms) = preSolution
		Debug|Any CPU = Debug|Any CPU
		Release|Any CPU = Release|Any CPU
	EndGlobalSection
	GlobalSection(SolutionProperties) = preSolution
		HideSolutionNode = FALSE
	EndGlobalSection
	GlobalSection(ProjectConfigurationPlatforms) = postSolution
		{5D345E31-5FB8-448F-82A0-B7ED2C886A81}.Debug|Any CPU.ActiveCfg = Debug|Any CPU
		{5D345E31-5FB8-448F-82A0-B7ED2C886A81}.Debug|Any CPU.Build.0 = Debug|Any CPU
		{5D345E31-5FB8-448F-82A0-B7ED2C886A81}.Release|Any CPU.ActiveCfg = Release|Any CPU
		{5D345E31-5FB8-448F-82A0-B7ED2C886A81}.Release|Any CPU.Build.0 = Release|Any CPU
		{901C0B6E-69EA-4FD4-9B78-3C231C8E6F9F}.Debug|Any CPU.ActiveCfg = Debug|Any CPU
		{901C0B6E-69EA-4FD4-9B78-3C231C8E6F9F}.Debug|Any CPU.Build.0 = Debug|Any CPU
		{901C0B6E-69EA-4FD4-9B78-3C231C8E6F9F}.Release|Any CPU.ActiveCfg = Release|Any CPU
		{901C0B6E-69EA-4FD4-9B78-3C231C8E6F9F}.Release|Any CPU.Build.0 = Release|Any CPU
		{73791374-AC19-4123-BDEF-84A24ADEC60D}.Debug|Any CPU.ActiveCfg = Debug|Any CPU
		{73791374-AC19-4123-BDEF-84A24ADEC60D}.Debug|Any CPU.Build.0 = Debug|Any CPU
		{73791374-AC19-4123-BDEF-84A24ADEC60D}.Release|Any CPU.ActiveCfg = Release|Any CPU
		{73791374-AC19-4123-BDEF-84A24ADEC60D}.Release|Any CPU.Build.0 = Release|Any CPU
		{620A5EC3-6153-4C7F-B912-3F56ACADE157}.Debug|Any CPU.ActiveCfg = Debug|Any CPU
		{620A5EC3-6153-4C7F-B912-3F56ACADE157}.Debug|Any CPU.Build.0 = Debug|Any CPU
		{620A5EC3-6153-4C7F-B912-3F56ACADE157}.Release|Any CPU.ActiveCfg = Release|Any CPU
		{620A5EC3-6153-4C7F-B912-3F56ACADE157}.Release|Any CPU.Build.0 = Release|Any CPU
		{9005EC51-6D9A-4CB2-BEC4-6FFCA45E49CB}.Debug|Any CPU.ActiveCfg = Debug|Any CPU
		{9005EC51-6D9A-4CB2-BEC4-6FFCA45E49CB}.Debug|Any CPU.Build.0 = Debug|Any CPU
		{9005EC51-6D9A-4CB2-BEC4-6FFCA45E49CB}.Release|Any CPU.ActiveCfg = Release|Any CPU
		{9005EC51-6D9A-4CB2-BEC4-6FFCA45E49CB}.Release|Any CPU.Build.0 = Release|Any CPU
	EndGlobalSection
EndGlobal
