
Microsoft Visual Studio Solution File, Format Version 12.00
# Visual Studio Version 17
VisualStudioVersion = 17.0.31903.59
MinimumVisualStudioVersion = 10.0.40219.1
Project("{FAE04EC0-301F-11D3-BF4B-00C04F79EFBC}") = "TFLStore", "TFLStore\TFLStore.csproj", "{D8CCB734-BDA2-434A-83F2-C0FAEADD5753}"
EndProject
Project("{FAE04EC0-301F-11D3-BF4B-00C04F79EFBC}") = "BOL", "BOL\BOL.csproj", "{33C2E741-D901-49EC-987A-5DD7299A7E84}"
EndProject
Project("{FAE04EC0-301F-11D3-BF4B-00C04F79EFBC}") = "DAL", "DAL\DAL.csproj", "{A6A563FE-4D86-4101-8E4F-ED06085F3CFE}"
EndProject
Project("{FAE04EC0-301F-11D3-BF4B-00C04F79EFBC}") = "BLL", "BLL\BLL.csproj", "{DED9C452-1599-44E5-9A7C-8AFAD39D44B5}"
EndProject
Project("{FAE04EC0-301F-11D3-BF4B-00C04F79EFBC}") = "SAL", "SAL\SAL.csproj", "{867872A2-77D7-4323-937E-0258C584F7F6}"
EndProject
Project("{FAE04EC0-301F-11D3-BF4B-00C04F79EFBC}") = "TestORMDBApp", "TestORMDBApp\TestORMDBApp.csproj", "{4130627A-59A8-4A01-8E20-751CFB24C6EE}"
EndProject
Project("{FAE04EC0-301F-11D3-BF4B-00C04F79EFBC}") = "BIAPP", "BIAPP\BIAPP.csproj", "{217F3920-1368-4834-9391-DE9D8400B09D}"
EndProject
Global
	GlobalSection(SolutionConfigurationPlatforms) = preSolution
		Debug|Any CPU = Debug|Any CPU
		Release|Any CPU = Release|Any CPU
	EndGlobalSection
	GlobalSection(SolutionProperties) = preSolution
		HideSolutionNode = FALSE
	EndGlobalSection
	GlobalSection(ProjectConfigurationPlatforms) = postSolution
		{0CB78D37-3AF5-4E2D-9686-C7072FD2FFF4}.Debug|Any CPU.ActiveCfg = Debug|Any CPU
		{0CB78D37-3AF5-4E2D-9686-C7072FD2FFF4}.Debug|Any CPU.Build.0 = Debug|Any CPU
		{0CB78D37-3AF5-4E2D-9686-C7072FD2FFF4}.Release|Any CPU.ActiveCfg = Release|Any CPU
		{0CB78D37-3AF5-4E2D-9686-C7072FD2FFF4}.Release|Any CPU.Build.0 = Release|Any CPU
		{2948352D-E068-40F0-926E-6D429198EEB9}.Debug|Any CPU.ActiveCfg = Debug|Any CPU
		{2948352D-E068-40F0-926E-6D429198EEB9}.Debug|Any CPU.Build.0 = Debug|Any CPU
		{2948352D-E068-40F0-926E-6D429198EEB9}.Release|Any CPU.ActiveCfg = Release|Any CPU
		{2948352D-E068-40F0-926E-6D429198EEB9}.Release|Any CPU.Build.0 = Release|Any CPU
		{D567AAB6-7E4A-4F36-872F-A6E11C0CE915}.Debug|Any CPU.ActiveCfg = Debug|Any CPU
		{D567AAB6-7E4A-4F36-872F-A6E11C0CE915}.Debug|Any CPU.Build.0 = Debug|Any CPU
		{D567AAB6-7E4A-4F36-872F-A6E11C0CE915}.Release|Any CPU.ActiveCfg = Release|Any CPU
		{D567AAB6-7E4A-4F36-872F-A6E11C0CE915}.Release|Any CPU.Build.0 = Release|Any CPU
		{D8CCB734-BDA2-434A-83F2-C0FAEADD5753}.Debug|Any CPU.ActiveCfg = Debug|Any CPU
		{D8CCB734-BDA2-434A-83F2-C0FAEADD5753}.Debug|Any CPU.Build.0 = Debug|Any CPU
		{D8CCB734-BDA2-434A-83F2-C0FAEADD5753}.Release|Any CPU.ActiveCfg = Release|Any CPU
		{D8CCB734-BDA2-434A-83F2-C0FAEADD5753}.Release|Any CPU.Build.0 = Release|Any CPU
		{33C2E741-D901-49EC-987A-5DD7299A7E84}.Debug|Any CPU.ActiveCfg = Debug|Any CPU
		{33C2E741-D901-49EC-987A-5DD7299A7E84}.Debug|Any CPU.Build.0 = Debug|Any CPU
		{33C2E741-D901-49EC-987A-5DD7299A7E84}.Release|Any CPU.ActiveCfg = Release|Any CPU
		{33C2E741-D901-49EC-987A-5DD7299A7E84}.Release|Any CPU.Build.0 = Release|Any CPU
		{A6A563FE-4D86-4101-8E4F-ED06085F3CFE}.Debug|Any CPU.ActiveCfg = Debug|Any CPU
		{A6A563FE-4D86-4101-8E4F-ED06085F3CFE}.Debug|Any CPU.Build.0 = Debug|Any CPU
		{A6A563FE-4D86-4101-8E4F-ED06085F3CFE}.Release|Any CPU.ActiveCfg = Release|Any CPU
		{A6A563FE-4D86-4101-8E4F-ED06085F3CFE}.Release|Any CPU.Build.0 = Release|Any CPU
		{DED9C452-1599-44E5-9A7C-8AFAD39D44B5}.Debug|Any CPU.ActiveCfg = Debug|Any CPU
		{DED9C452-1599-44E5-9A7C-8AFAD39D44B5}.Debug|Any CPU.Build.0 = Debug|Any CPU
		{DED9C452-1599-44E5-9A7C-8AFAD39D44B5}.Release|Any CPU.ActiveCfg = Release|Any CPU
		{DED9C452-1599-44E5-9A7C-8AFAD39D44B5}.Release|Any CPU.Build.0 = Release|Any CPU
		{867872A2-77D7-4323-937E-0258C584F7F6}.Debug|Any CPU.ActiveCfg = Debug|Any CPU
		{867872A2-77D7-4323-937E-0258C584F7F6}.Debug|Any CPU.Build.0 = Debug|Any CPU
		{867872A2-77D7-4323-937E-0258C584F7F6}.Release|Any CPU.ActiveCfg = Release|Any CPU
		{867872A2-77D7-4323-937E-0258C584F7F6}.Release|Any CPU.Build.0 = Release|Any CPU
		{4130627A-59A8-4A01-8E20-751CFB24C6EE}.Debug|Any CPU.ActiveCfg = Debug|Any CPU
		{4130627A-59A8-4A01-8E20-751CFB24C6EE}.Debug|Any CPU.Build.0 = Debug|Any CPU
		{4130627A-59A8-4A01-8E20-751CFB24C6EE}.Release|Any CPU.ActiveCfg = Release|Any CPU
		{4130627A-59A8-4A01-8E20-751CFB24C6EE}.Release|Any CPU.Build.0 = Release|Any CPU
		{089871A1-05F8-4E85-8BFC-29EFA8DF4FA2}.Debug|Any CPU.ActiveCfg = Debug|Any CPU
		{089871A1-05F8-4E85-8BFC-29EFA8DF4FA2}.Debug|Any CPU.Build.0 = Debug|Any CPU
		{089871A1-05F8-4E85-8BFC-29EFA8DF4FA2}.Release|Any CPU.ActiveCfg = Release|Any CPU
		{089871A1-05F8-4E85-8BFC-29EFA8DF4FA2}.Release|Any CPU.Build.0 = Release|Any CPU
		{217F3920-1368-4834-9391-DE9D8400B09D}.Debug|Any CPU.ActiveCfg = Debug|Any CPU
		{217F3920-1368-4834-9391-DE9D8400B09D}.Debug|Any CPU.Build.0 = Debug|Any CPU
		{217F3920-1368-4834-9391-DE9D8400B09D}.Release|Any CPU.ActiveCfg = Release|Any CPU
		{217F3920-1368-4834-9391-DE9D8400B09D}.Release|Any CPU.Build.0 = Release|Any CPU
	EndGlobalSection
EndGlobal
