
Microsoft Visual Studio Solution File, Format Version 12.00
# Visual Studio Version 17
VisualStudioVersion = 17.0.31903.59
MinimumVisualStudioVersion = 10.0.40219.1
Project("{FAE04EC0-301F-11D3-BF4B-00C04F79EFBC}") = "FirstWebApp", "FirstWebApp\FirstWebApp.csproj", "{0CB78D37-3AF5-4E2D-9686-C7072FD2FFF4}"
EndProject
Project("{FAE04EC0-301F-11D3-BF4B-00C04F79EFBC}") = "HRWebApi", "HRWebApi\HRWebApi.csproj", "{2948352D-E068-40F0-926E-6D429198EEB9}"
EndProject
Global
	GlobalSection(SolutionConfigurationPlatforms) = preSolution
		Debug|Any CPU = Debug|Any CPU
		Release|Any CPU = Release|Any CPU
	EndGlobalSection
	GlobalSection(SolutionProperties) = preSolution
		HideSolutionNode = FALSE
	EndGlobalSection
	GlobalSection(ProjectConfigurationPlatforms) = postSolution
		{0CB78D37-3AF5-4E2D-9686-C7072FD2FFF4}.Debug|Any CPU.ActiveCfg = Debug|Any CPU
		{0CB78D37-3AF5-4E2D-9686-C7072FD2FFF4}.Debug|Any CPU.Build.0 = Debug|Any CPU
		{0CB78D37-3AF5-4E2D-9686-C7072FD2FFF4}.Release|Any CPU.ActiveCfg = Release|Any CPU
		{0CB78D37-3AF5-4E2D-9686-C7072FD2FFF4}.Release|Any CPU.Build.0 = Release|Any CPU
		{2948352D-E068-40F0-926E-6D429198EEB9}.Debug|Any CPU.ActiveCfg = Debug|Any CPU
		{2948352D-E068-40F0-926E-6D429198EEB9}.Debug|Any CPU.Build.0 = Debug|Any CPU
		{2948352D-E068-40F0-926E-6D429198EEB9}.Release|Any CPU.ActiveCfg = Release|Any CPU
		{2948352D-E068-40F0-926E-6D429198EEB9}.Release|Any CPU.Build.0 = Release|Any CPU
	EndGlobalSection
EndGlobal
